
Microsoft Visual Studio Solution File, Format Version 12.00
# Visual Studio 15
VisualStudioVersion = 15.0.27130.2027
MinimumVisualStudioVersion = 10.0.40219.1
Project("{FAE04EC0-301F-11D3-BF4B-00C04F79EFBC}") = "DictionarySerializer", "DictionarySerializer\DictionarySerializer.csproj", "{7F4B4636-B6E5-46D8-99F4-8701B9B657C4}"
EndProject
Project("{FAE04EC0-301F-11D3-BF4B-00C04F79EFBC}") = "DictionarySerializerTests", "DictionarySerializerTests\DictionarySerializerTests.csproj", "{528EDC54-C833-443A-8F71-249D33CFB5B7}"
EndProject
Global
	GlobalSection(SolutionConfigurationPlatforms) = preSolution
		Debug|Any CPU = Debug|Any CPU
		Release|Any CPU = Release|Any CPU
	EndGlobalSection
	GlobalSection(ProjectConfigurationPlatforms) = postSolution
		{7F4B4636-B6E5-46D8-99F4-8701B9B657C4}.Debug|Any CPU.ActiveCfg = Debug|Any CPU
		{7F4B4636-B6E5-46D8-99F4-8701B9B657C4}.Debug|Any CPU.Build.0 = Debug|Any CPU
		{7F4B4636-B6E5-46D8-99F4-8701B9B657C4}.Release|Any CPU.ActiveCfg = Release|Any CPU
		{7F4B4636-B6E5-46D8-99F4-8701B9B657C4}.Release|Any CPU.Build.0 = Release|Any CPU
		{528EDC54-C833-443A-8F71-249D33CFB5B7}.Debug|Any CPU.ActiveCfg = Debug|Any CPU
		{528EDC54-C833-443A-8F71-249D33CFB5B7}.Debug|Any CPU.Build.0 = Debug|Any CPU
		{528EDC54-C833-443A-8F71-249D33CFB5B7}.Release|Any CPU.ActiveCfg = Release|Any CPU
		{528EDC54-C833-443A-8F71-249D33CFB5B7}.Release|Any CPU.Build.0 = Release|Any CPU
	EndGlobalSection
	GlobalSection(SolutionProperties) = preSolution
		HideSolutionNode = FALSE
	EndGlobalSection
	GlobalSection(ExtensibilityGlobals) = postSolution
		SolutionGuid = {29123D61-BEAC-43D8-83F8-F2EFE50F3C86}
	EndGlobalSection
EndGlobal
